
Microsoft Visual Studio Solution File, Format Version 12.00
# Visual Studio Version 17
VisualStudioVersion = 17.13.35825.156
MinimumVisualStudioVersion = 10.0.40219.1
Project("{2150E333-8FDC-42A3-9474-1A3956D46DE8}") = "Accessors", "Accessors", "{02EA681E-C7D8-13C7-8484-4AC65E1B71E8}"
EndProject
Project("{2150E333-8FDC-42A3-9474-1A3956D46DE8}") = "Engines", "Engines", "{4AAC84CA-CCAB-4147-BA8D-67A54034CC04}"
EndProject
Project("{2150E333-8FDC-42A3-9474-1A3956D46DE8}") = "Managers", "Managers", "{62962A45-5ED8-4B07-88FF-2F364D0E5690}"
EndProject
Project("{FAE04EC0-301F-11D3-BF4B-00C04F79EFBC}") = "ApiGateway", "ApiGateway\ApiGateway.csproj", "{1E483800-150A-41B4-AA7B-34055FA62D01}"
EndProject
Project("{E53339B2-1760-4266-BCC7-CA923CBCF16C}") = "docker-compose", "docker-compose.dcproj", "{81DDED9D-158B-E303-5F62-77A2896D2A5A}"
EndProject
Project("{FAE04EC0-301F-11D3-BF4B-00C04F79EFBC}") = "ToDoAccessor", "Accessors\ToDoAccessor\ToDoAccessor.csproj", "{54AF6ACF-FB74-481D-BD07-55A24A16766E}"
EndProject
Project("{FAE04EC0-301F-11D3-BF4B-00C04F79EFBC}") = "TodoManager", "Managers\TodoManager\TodoManager.csproj", "{3813DA67-1E8D-4C06-A3A5-6403CBD59F17}"
EndProject
Project("{FAE04EC0-301F-11D3-BF4B-00C04F79EFBC}") = "NotificationManager", "Managers\NotificationManager\NotificationManager.csproj", "{0C5A81F5-D83A-818E-E898-D0FB878DD60F}"
EndProject
Project("{2150E333-8FDC-42A3-9474-1A3956D46DE8}") = "Solution Items", "Solution Items", "{8EC462FD-D22E-90A8-E5CE-7E832BA40C5D}"
	ProjectSection(SolutionItems) = preProject
		.env = .env
	EndProjectSection
EndProject
Project("{2150E333-8FDC-42A3-9474-1A3956D46DE8}") = "dapr", "dapr", "{DA5ECAAD-D1ED-4396-8E64-66D5EDE8FFB9}"
	ProjectSection(SolutionItems) = preProject
		dapr\config.yaml = dapr\config.yaml
	EndProjectSection
EndProject
Project("{2150E333-8FDC-42A3-9474-1A3956D46DE8}") = "Components", "Components", "{3D6FF0E3-D26D-4845-BDC3-5F745EAC728B}"
	ProjectSection(SolutionItems) = preProject
		dapr\components\bankaccountqueue.yaml = dapr\components\bankaccountqueue.yaml
		dapr\Components\clientcallback.yaml = dapr\Components\clientcallback.yaml
		dapr\Components\clientresponsequeue.yaml = dapr\Components\clientresponsequeue.yaml
		dapr\components\dapr-secretstore.json = dapr\components\dapr-secretstore.json
		dapr\components\secretstore.yaml = dapr\components\secretstore.yaml
		dapr\components\statestore.yaml = dapr\components\statestore.yaml
		dapr\Components\todomanagercallbackqueue.yaml = dapr\Components\todomanagercallbackqueue.yaml
		dapr\Components\todoqueue.yaml = dapr\Components\todoqueue.yaml
		dapr\components\transactionresponsequeue.yaml = dapr\components\transactionresponsequeue.yaml
		dapr\components\useraccountqueue.yaml = dapr\components\useraccountqueue.yaml
	EndProjectSection
EndProject
Project("{2150E333-8FDC-42A3-9474-1A3956D46DE8}") = "SignalREmulator", "SignalREmulator", "{87205B75-4934-4F1B-8A07-C150FC05F098}"
	ProjectSection(SolutionItems) = preProject
		SignalREmulator\Dockerfile = SignalREmulator\Dockerfile
		SignalREmulator\settings.json = SignalREmulator\settings.json
	EndProjectSection
EndProject
Project("{FAE04EC0-301F-11D3-BF4B-00C04F79EFBC}") = "UserAccountAccessor", "Accessors\UserAccountAccessor\UserAccountAccessor.csproj", "{2066D519-BE2C-4BDB-8992-138EFF72A985}"
EndProject
Project("{FAE04EC0-301F-11D3-BF4B-00C04F79EFBC}") = "BankAccountAccessor", "Accessors\BankAccountAccessor\BankAccountAccessor.csproj", "{0E1F922E-0995-494A-A2BE-8AAB67BA950A}"
EndProject
Project("{FAE04EC0-301F-11D3-BF4B-00C04F79EFBC}") = "TransactionManager", "Managers\TransactionManager\TransactionManager.csproj", "{DB66EE57-EA95-4BC0-A07A-DB1381E47B2A}"
EndProject
Global
	GlobalSection(SolutionConfigurationPlatforms) = preSolution
		Debug|Any CPU = Debug|Any CPU
		Release|Any CPU = Release|Any CPU
	EndGlobalSection
	GlobalSection(ProjectConfigurationPlatforms) = postSolution
		{1E483800-150A-41B4-AA7B-34055FA62D01}.Debug|Any CPU.ActiveCfg = Debug|Any CPU
		{1E483800-150A-41B4-AA7B-34055FA62D01}.Debug|Any CPU.Build.0 = Debug|Any CPU
		{1E483800-150A-41B4-AA7B-34055FA62D01}.Release|Any CPU.ActiveCfg = Release|Any CPU
		{1E483800-150A-41B4-AA7B-34055FA62D01}.Release|Any CPU.Build.0 = Release|Any CPU
		{81DDED9D-158B-E303-5F62-77A2896D2A5A}.Debug|Any CPU.ActiveCfg = Debug|Any CPU
		{81DDED9D-158B-E303-5F62-77A2896D2A5A}.Debug|Any CPU.Build.0 = Debug|Any CPU
		{81DDED9D-158B-E303-5F62-77A2896D2A5A}.Release|Any CPU.ActiveCfg = Release|Any CPU
		{81DDED9D-158B-E303-5F62-77A2896D2A5A}.Release|Any CPU.Build.0 = Release|Any CPU
		{54AF6ACF-FB74-481D-BD07-55A24A16766E}.Debug|Any CPU.ActiveCfg = Debug|Any CPU
		{54AF6ACF-FB74-481D-BD07-55A24A16766E}.Debug|Any CPU.Build.0 = Debug|Any CPU
		{54AF6ACF-FB74-481D-BD07-55A24A16766E}.Release|Any CPU.ActiveCfg = Release|Any CPU
		{54AF6ACF-FB74-481D-BD07-55A24A16766E}.Release|Any CPU.Build.0 = Release|Any CPU
		{3813DA67-1E8D-4C06-A3A5-6403CBD59F17}.Debug|Any CPU.ActiveCfg = Debug|Any CPU
		{3813DA67-1E8D-4C06-A3A5-6403CBD59F17}.Debug|Any CPU.Build.0 = Debug|Any CPU
		{3813DA67-1E8D-4C06-A3A5-6403CBD59F17}.Release|Any CPU.ActiveCfg = Release|Any CPU
		{3813DA67-1E8D-4C06-A3A5-6403CBD59F17}.Release|Any CPU.Build.0 = Release|Any CPU
		{0C5A81F5-D83A-818E-E898-D0FB878DD60F}.Debug|Any CPU.ActiveCfg = Debug|Any CPU
		{0C5A81F5-D83A-818E-E898-D0FB878DD60F}.Debug|Any CPU.Build.0 = Debug|Any CPU
		{0C5A81F5-D83A-818E-E898-D0FB878DD60F}.Release|Any CPU.ActiveCfg = Release|Any CPU
		{0C5A81F5-D83A-818E-E898-D0FB878DD60F}.Release|Any CPU.Build.0 = Release|Any CPU
		{2066D519-BE2C-4BDB-8992-138EFF72A985}.Debug|Any CPU.ActiveCfg = Debug|Any CPU
		{2066D519-BE2C-4BDB-8992-138EFF72A985}.Debug|Any CPU.Build.0 = Debug|Any CPU
		{2066D519-BE2C-4BDB-8992-138EFF72A985}.Release|Any CPU.ActiveCfg = Release|Any CPU
		{2066D519-BE2C-4BDB-8992-138EFF72A985}.Release|Any CPU.Build.0 = Release|Any CPU
		{0E1F922E-0995-494A-A2BE-8AAB67BA950A}.Debug|Any CPU.ActiveCfg = Debug|Any CPU
		{0E1F922E-0995-494A-A2BE-8AAB67BA950A}.Debug|Any CPU.Build.0 = Debug|Any CPU
		{0E1F922E-0995-494A-A2BE-8AAB67BA950A}.Release|Any CPU.ActiveCfg = Release|Any CPU
		{0E1F922E-0995-494A-A2BE-8AAB67BA950A}.Release|Any CPU.Build.0 = Release|Any CPU
		{DB66EE57-EA95-4BC0-A07A-DB1381E47B2A}.Debug|Any CPU.ActiveCfg = Debug|Any CPU
		{DB66EE57-EA95-4BC0-A07A-DB1381E47B2A}.Debug|Any CPU.Build.0 = Debug|Any CPU
		{DB66EE57-EA95-4BC0-A07A-DB1381E47B2A}.Release|Any CPU.ActiveCfg = Release|Any CPU
		{DB66EE57-EA95-4BC0-A07A-DB1381E47B2A}.Release|Any CPU.Build.0 = Release|Any CPU
	EndGlobalSection
	GlobalSection(SolutionProperties) = preSolution
		HideSolutionNode = FALSE
	EndGlobalSection
	GlobalSection(NestedProjects) = preSolution
		{54AF6ACF-FB74-481D-BD07-55A24A16766E} = {02EA681E-C7D8-13C7-8484-4AC65E1B71E8}
		{3813DA67-1E8D-4C06-A3A5-6403CBD59F17} = {62962A45-5ED8-4B07-88FF-2F364D0E5690}
		{0C5A81F5-D83A-818E-E898-D0FB878DD60F} = {62962A45-5ED8-4B07-88FF-2F364D0E5690}
		{3D6FF0E3-D26D-4845-BDC3-5F745EAC728B} = {DA5ECAAD-D1ED-4396-8E64-66D5EDE8FFB9}
		{2066D519-BE2C-4BDB-8992-138EFF72A985} = {02EA681E-C7D8-13C7-8484-4AC65E1B71E8}
		{0E1F922E-0995-494A-A2BE-8AAB67BA950A} = {02EA681E-C7D8-13C7-8484-4AC65E1B71E8}
		{DB66EE57-EA95-4BC0-A07A-DB1381E47B2A} = {62962A45-5ED8-4B07-88FF-2F364D0E5690}
	EndGlobalSection
	GlobalSection(ExtensibilityGlobals) = postSolution
		SolutionGuid = {795A2D82-17FD-4E12-B305-2E9D1EB47A5C}
	EndGlobalSection
EndGlobal
